
Microsoft Visual Studio Solution File, Format Version 12.00
# Visual Studio Version 17
VisualStudioVersion = 17.14.36511.14 d17.14
MinimumVisualStudioVersion = 10.0.40219.1
Project("{FAE04EC0-301F-11D3-BF4B-00C04F79EFBC}") = "Dagboksappen", "Dagboksappen\Dagboksappen.csproj", "{DFAE0BD7-05D2-4900-B177-26C4E02A94D3}"
EndProject
Global
	GlobalSection(SolutionConfigurationPlatforms) = preSolution
		Debug|Any CPU = Debug|Any CPU
		Release|Any CPU = Release|Any CPU
	EndGlobalSection
	GlobalSection(ProjectConfigurationPlatforms) = postSolution
		{DFAE0BD7-05D2-4900-B177-26C4E02A94D3}.Debug|Any CPU.ActiveCfg = Debug|Any CPU
		{DFAE0BD7-05D2-4900-B177-26C4E02A94D3}.Debug|Any CPU.Build.0 = Debug|Any CPU
		{DFAE0BD7-05D2-4900-B177-26C4E02A94D3}.Release|Any CPU.ActiveCfg = Release|Any CPU
		{DFAE0BD7-05D2-4900-B177-26C4E02A94D3}.Release|Any CPU.Build.0 = Release|Any CPU
	EndGlobalSection
	GlobalSection(SolutionProperties) = preSolution
		HideSolutionNode = FALSE
	EndGlobalSection
	GlobalSection(ExtensibilityGlobals) = postSolution
		SolutionGuid = {D34EFBB4-1AED-4C24-8AB2-19D8E672D01C}
	EndGlobalSection
EndGlobal
